// !$*UTF8*$!
{
	archiveVersion = 1;
	classes = {
	};
	objectVersion = 51;
	objects = {

/* Begin PBXBuildFile section */
		07C492F775B574762E44764C /* Pods_MyYoutubeClone.framework in Frameworks */ = {isa = PBXBuildFile; fileRef = 5346B579FBEF5CDFDCD74939 /* Pods_MyYoutubeClone.framework */; };
		94C909042390583E0030B30A /* AppDelegate.swift in Sources */ = {isa = PBXBuildFile; fileRef = 94C909032390583E0030B30A /* AppDelegate.swift */; };
		94C909062390583E0030B30A /* SceneDelegate.swift in Sources */ = {isa = PBXBuildFile; fileRef = 94C909052390583E0030B30A /* SceneDelegate.swift */; };
		94C909082390583E0030B30A /* HomeController.swift in Sources */ = {isa = PBXBuildFile; fileRef = 94C909072390583E0030B30A /* HomeController.swift */; };
		94C9090B2390583E0030B30A /* Main.storyboard in Resources */ = {isa = PBXBuildFile; fileRef = 94C909092390583E0030B30A /* Main.storyboard */; };
		94C9090D239058400030B30A /* Assets.xcassets in Resources */ = {isa = PBXBuildFile; fileRef = 94C9090C239058400030B30A /* Assets.xcassets */; };
		94C90910239058400030B30A /* LaunchScreen.storyboard in Resources */ = {isa = PBXBuildFile; fileRef = 94C9090E239058400030B30A /* LaunchScreen.storyboard */; };
		94C909382391BAAB0030B30A /* VideoCellCollectionViewCell.swift in Sources */ = {isa = PBXBuildFile; fileRef = 94C909372391BAAB0030B30A /* VideoCellCollectionViewCell.swift */; };
		94C9093B23943DDC0030B30A /* Extensions.swift in Sources */ = {isa = PBXBuildFile; fileRef = 94C9093A23943DDC0030B30A /* Extensions.swift */; };
		94C90940239561B20030B30A /* MenuBar.swift in Sources */ = {isa = PBXBuildFile; fileRef = 94C9093F239561B20030B30A /* MenuBar.swift */; };
		94C909422395B05B0030B30A /* Video.swift in Sources */ = {isa = PBXBuildFile; fileRef = 94C909412395B05B0030B30A /* Video.swift */; };
		94C909442395C4FC0030B30A /* BaseVideoViewController.swift in Sources */ = {isa = PBXBuildFile; fileRef = 94C909432395C4FC0030B30A /* BaseVideoViewController.swift */; };
		94C909462398629E0030B30A /* SettingsLauncher.swift in Sources */ = {isa = PBXBuildFile; fileRef = 94C909452398629E0030B30A /* SettingsLauncher.swift */; };
		94C90948239992A10030B30A /* SettingsCell.swift in Sources */ = {isa = PBXBuildFile; fileRef = 94C90947239992A10030B30A /* SettingsCell.swift */; };
/* End PBXBuildFile section */

/* Begin PBXFileReference section */
		419360A6739E9267F535C9DA /* Pods-MyYoutubeClone.release.xcconfig */ = {isa = PBXFileReference; includeInIndex = 1; lastKnownFileType = text.xcconfig; name = "Pods-MyYoutubeClone.release.xcconfig"; path = "Target Support Files/Pods-MyYoutubeClone/Pods-MyYoutubeClone.release.xcconfig"; sourceTree = "<group>"; };
		5346B579FBEF5CDFDCD74939 /* Pods_MyYoutubeClone.framework */ = {isa = PBXFileReference; explicitFileType = wrapper.framework; includeInIndex = 0; path = Pods_MyYoutubeClone.framework; sourceTree = BUILT_PRODUCTS_DIR; };
		94C909002390583E0030B30A /* MyYoutubeClone.app */ = {isa = PBXFileReference; explicitFileType = wrapper.application; includeInIndex = 0; path = MyYoutubeClone.app; sourceTree = BUILT_PRODUCTS_DIR; };
		94C909032390583E0030B30A /* AppDelegate.swift */ = {isa = PBXFileReference; lastKnownFileType = sourcecode.swift; path = AppDelegate.swift; sourceTree = "<group>"; };
		94C909052390583E0030B30A /* SceneDelegate.swift */ = {isa = PBXFileReference; lastKnownFileType = sourcecode.swift; path = SceneDelegate.swift; sourceTree = "<group>"; };
		94C909072390583E0030B30A /* HomeController.swift */ = {isa = PBXFileReference; lastKnownFileType = sourcecode.swift; path = HomeController.swift; sourceTree = "<group>"; };
		94C9090A2390583E0030B30A /* Base */ = {isa = PBXFileReference; lastKnownFileType = file.storyboard; name = Base; path = Base.lproj/Main.storyboard; sourceTree = "<group>"; };
		94C9090C239058400030B30A /* Assets.xcassets */ = {isa = PBXFileReference; lastKnownFileType = folder.assetcatalog; path = Assets.xcassets; sourceTree = "<group>"; };
		94C9090F239058400030B30A /* Base */ = {isa = PBXFileReference; lastKnownFileType = file.storyboard; name = Base; path = Base.lproj/LaunchScreen.storyboard; sourceTree = "<group>"; };
		94C90911239058400030B30A /* Info.plist */ = {isa = PBXFileReference; lastKnownFileType = text.plist.xml; path = Info.plist; sourceTree = "<group>"; };
		94C909372391BAAB0030B30A /* VideoCellCollectionViewCell.swift */ = {isa = PBXFileReference; lastKnownFileType = sourcecode.swift; path = VideoCellCollectionViewCell.swift; sourceTree = "<group>"; };
		94C9093A23943DDC0030B30A /* Extensions.swift */ = {isa = PBXFileReference; lastKnownFileType = sourcecode.swift; path = Extensions.swift; sourceTree = "<group>"; };
		94C9093F239561B20030B30A /* MenuBar.swift */ = {isa = PBXFileReference; lastKnownFileType = sourcecode.swift; path = MenuBar.swift; sourceTree = "<group>"; };
		94C909412395B05B0030B30A /* Video.swift */ = {isa = PBXFileReference; lastKnownFileType = sourcecode.swift; path = Video.swift; sourceTree = "<group>"; };
		94C909432395C4FC0030B30A /* BaseVideoViewController.swift */ = {isa = PBXFileReference; lastKnownFileType = sourcecode.swift; path = BaseVideoViewController.swift; sourceTree = "<group>"; };
		94C909452398629E0030B30A /* SettingsLauncher.swift */ = {isa = PBXFileReference; lastKnownFileType = sourcecode.swift; path = SettingsLauncher.swift; sourceTree = "<group>"; };
		94C90947239992A10030B30A /* SettingsCell.swift */ = {isa = PBXFileReference; lastKnownFileType = sourcecode.swift; path = SettingsCell.swift; sourceTree = "<group>"; };
		E21317CBEF04E283EB4C1D96 /* Pods-MyYoutubeClone.debug.xcconfig */ = {isa = PBXFileReference; includeInIndex = 1; lastKnownFileType = text.xcconfig; name = "Pods-MyYoutubeClone.debug.xcconfig"; path = "Target Support Files/Pods-MyYoutubeClone/Pods-MyYoutubeClone.debug.xcconfig"; sourceTree = "<group>"; };
/* End PBXFileReference section */

/* Begin PBXFrameworksBuildPhase section */
		94C908FD2390583E0030B30A /* Frameworks */ = {
			isa = PBXFrameworksBuildPhase;
			buildActionMask = 2147483647;
			files = (
				07C492F775B574762E44764C /* Pods_MyYoutubeClone.framework in Frameworks */,
			);
			runOnlyForDeploymentPostprocessing = 0;
		};
/* End PBXFrameworksBuildPhase section */

/* Begin PBXGroup section */
		6EEE5D734F0C502B4F53BE78 /* Frameworks */ = {
			isa = PBXGroup;
			children = (
				5346B579FBEF5CDFDCD74939 /* Pods_MyYoutubeClone.framework */,
			);
			name = Frameworks;
			sourceTree = "<group>";
		};
		75C4A9189060E8F324C8D91C /* Pods */ = {
			isa = PBXGroup;
			children = (
				E21317CBEF04E283EB4C1D96 /* Pods-MyYoutubeClone.debug.xcconfig */,
				419360A6739E9267F535C9DA /* Pods-MyYoutubeClone.release.xcconfig */,
			);
			path = Pods;
			sourceTree = "<group>";
		};
		94C908F72390583E0030B30A = {
			isa = PBXGroup;
			children = (
				94C909022390583E0030B30A /* MyYoutubeClone */,
				94C909012390583E0030B30A /* Products */,
				75C4A9189060E8F324C8D91C /* Pods */,
				6EEE5D734F0C502B4F53BE78 /* Frameworks */,
			);
			sourceTree = "<group>";
		};
		94C909012390583E0030B30A /* Products */ = {
			isa = PBXGroup;
			children = (
				94C909002390583E0030B30A /* MyYoutubeClone.app */,
			);
			name = Products;
			sourceTree = "<group>";
		};
		94C909022390583E0030B30A /* MyYoutubeClone */ = {
			isa = PBXGroup;
			children = (
				94C9093E23944D2E0030B30A /* Model */,
				94C9093C23944D1D0030B30A /* View */,
				94C9093D23944D250030B30A /* Controller */,
				94C9093923943DCB0030B30A /* Helpers */,
				94C909032390583E0030B30A /* AppDelegate.swift */,
				94C909052390583E0030B30A /* SceneDelegate.swift */,
				94C909092390583E0030B30A /* Main.storyboard */,
				94C9090C239058400030B30A /* Assets.xcassets */,
				94C9090E239058400030B30A /* LaunchScreen.storyboard */,
				94C90911239058400030B30A /* Info.plist */,
			);
			path = MyYoutubeClone;
			sourceTree = "<group>";
		};
		94C9093923943DCB0030B30A /* Helpers */ = {
			isa = PBXGroup;
			children = (
				94C9093A23943DDC0030B30A /* Extensions.swift */,
			);
			path = Helpers;
			sourceTree = "<group>";
		};
		94C9093C23944D1D0030B30A /* View */ = {
			isa = PBXGroup;
			children = (
				94C909372391BAAB0030B30A /* VideoCellCollectionViewCell.swift */,
				94C90947239992A10030B30A /* SettingsCell.swift */,
				94C9093F239561B20030B30A /* MenuBar.swift */,
			);
			path = View;
			sourceTree = "<group>";
		};
		94C9093D23944D250030B30A /* Controller */ = {
			isa = PBXGroup;
			children = (
				94C909072390583E0030B30A /* HomeController.swift */,
				94C909452398629E0030B30A /* SettingsLauncher.swift */,
				94C909432395C4FC0030B30A /* BaseVideoViewController.swift */,
			);
			path = Controller;
			sourceTree = "<group>";
		};
		94C9093E23944D2E0030B30A /* Model */ = {
			isa = PBXGroup;
			children = (
				94C909412395B05B0030B30A /* Video.swift */,
			);
			path = Model;
			sourceTree = "<group>";
		};
/* End PBXGroup section */

/* Begin PBXNativeTarget section */
		94C908FF2390583E0030B30A /* MyYoutubeClone */ = {
			isa = PBXNativeTarget;
			buildConfigurationList = 94C90914239058400030B30A /* Build configuration list for PBXNativeTarget "MyYoutubeClone" */;
			buildPhases = (
				32B5CC2D385C4606152D539E /* [CP] Check Pods Manifest.lock */,
				94C908FC2390583E0030B30A /* Sources */,
				94C908FD2390583E0030B30A /* Frameworks */,
				94C908FE2390583E0030B30A /* Resources */,
				E63874DA65B3FFA8053B8A0F /* [CP] Embed Pods Frameworks */,
				0480A9C86A753CEF7544CCFA /* [CP] Copy Pods Resources */,
			);
			buildRules = (
			);
			dependencies = (
			);
			name = MyYoutubeClone;
			productName = MyYoutubeClone;
			productReference = 94C909002390583E0030B30A /* MyYoutubeClone.app */;
			productType = "com.apple.product-type.application";
		};
/* End PBXNativeTarget section */

/* Begin PBXProject section */
		94C908F82390583E0030B30A /* Project object */ = {
			isa = PBXProject;
			attributes = {
				LastSwiftUpdateCheck = 1120;
				LastUpgradeCheck = 1120;
				ORGANIZATIONNAME = "Antonio Orozco";
				TargetAttributes = {
					94C908FF2390583E0030B30A = {
						CreatedOnToolsVersion = 11.2.1;
					};
				};
			};
			buildConfigurationList = 94C908FB2390583E0030B30A /* Build configuration list for PBXProject "MyYoutubeClone" */;
			compatibilityVersion = "Xcode 9.3";
			developmentRegion = en;
			hasScannedForEncodings = 0;
			knownRegions = (
				en,
				Base,
			);
			mainGroup = 94C908F72390583E0030B30A;
			productRefGroup = 94C909012390583E0030B30A /* Products */;
			projectDirPath = "";
			projectRoot = "";
			targets = (
				94C908FF2390583E0030B30A /* MyYoutubeClone */,
			);
		};
/* End PBXProject section */

/* Begin PBXResourcesBuildPhase section */
		94C908FE2390583E0030B30A /* Resources */ = {
			isa = PBXResourcesBuildPhase;
			buildActionMask = 2147483647;
			files = (
				94C90910239058400030B30A /* LaunchScreen.storyboard in Resources */,
				94C9090D239058400030B30A /* Assets.xcassets in Resources */,
				94C9090B2390583E0030B30A /* Main.storyboard in Resources */,
			);
			runOnlyForDeploymentPostprocessing = 0;
		};
/* End PBXResourcesBuildPhase section */

/* Begin PBXShellScriptBuildPhase section */
		0480A9C86A753CEF7544CCFA /* [CP] Copy Pods Resources */ = {
			isa = PBXShellScriptBuildPhase;
			buildActionMask = 2147483647;
			files = (
			);
			inputFileListPaths = (
				"${PODS_ROOT}/Target Support Files/Pods-MyYoutubeClone/Pods-MyYoutubeClone-resources-${CONFIGURATION}-input-files.xcfilelist",
			);
			name = "[CP] Copy Pods Resources";
			outputFileListPaths = (
				"${PODS_ROOT}/Target Support Files/Pods-MyYoutubeClone/Pods-MyYoutubeClone-resources-${CONFIGURATION}-output-files.xcfilelist",
			);
			runOnlyForDeploymentPostprocessing = 0;
			shellPath = /bin/sh;
			shellScript = "\"${PODS_ROOT}/Target Support Files/Pods-MyYoutubeClone/Pods-MyYoutubeClone-resources.sh\"\n";
			showEnvVarsInLog = 0;
		};
		32B5CC2D385C4606152D539E /* [CP] Check Pods Manifest.lock */ = {
			isa = PBXShellScriptBuildPhase;
			buildActionMask = 2147483647;
			files = (
			);
			inputFileListPaths = (
			);
			inputPaths = (
				"${PODS_PODFILE_DIR_PATH}/Podfile.lock",
				"${PODS_ROOT}/Manifest.lock",
			);
			name = "[CP] Check Pods Manifest.lock";
			outputFileListPaths = (
			);
			outputPaths = (
				"$(DERIVED_FILE_DIR)/Pods-MyYoutubeClone-checkManifestLockResult.txt",
			);
			runOnlyForDeploymentPostprocessing = 0;
			shellPath = /bin/sh;
			shellScript = "diff \"${PODS_PODFILE_DIR_PATH}/Podfile.lock\" \"${PODS_ROOT}/Manifest.lock\" > /dev/null\nif [ $? != 0 ] ; then\n    # print error to STDERR\n    echo \"error: The sandbox is not in sync with the Podfile.lock. Run 'pod install' or update your CocoaPods installation.\" >&2\n    exit 1\nfi\n# This output is used by Xcode 'outputs' to avoid re-running this script phase.\necho \"SUCCESS\" > \"${SCRIPT_OUTPUT_FILE_0}\"\n";
			showEnvVarsInLog = 0;
		};
		E63874DA65B3FFA8053B8A0F /* [CP] Embed Pods Frameworks */ = {
			isa = PBXShellScriptBuildPhase;
			buildActionMask = 2147483647;
			files = (
			);
			inputFileListPaths = (
				"${PODS_ROOT}/Target Support Files/Pods-MyYoutubeClone/Pods-MyYoutubeClone-frameworks-${CONFIGURATION}-input-files.xcfilelist",
			);
			name = "[CP] Embed Pods Frameworks";
			outputFileListPaths = (
				"${PODS_ROOT}/Target Support Files/Pods-MyYoutubeClone/Pods-MyYoutubeClone-frameworks-${CONFIGURATION}-output-files.xcfilelist",
			);
			runOnlyForDeploymentPostprocessing = 0;
			shellPath = /bin/sh;
			shellScript = "\"${PODS_ROOT}/Target Support Files/Pods-MyYoutubeClone/Pods-MyYoutubeClone-frameworks.sh\"\n";
			showEnvVarsInLog = 0;
		};
/* End PBXShellScriptBuildPhase section */

/* Begin PBXSourcesBuildPhase section */
		94C908FC2390583E0030B30A /* Sources */ = {
			isa = PBXSourcesBuildPhase;
			buildActionMask = 2147483647;
			files = (
				94C9093B23943DDC0030B30A /* Extensions.swift in Sources */,
				94C909462398629E0030B30A /* SettingsLauncher.swift in Sources */,
				94C909442395C4FC0030B30A /* BaseVideoViewController.swift in Sources */,
				94C909082390583E0030B30A /* HomeController.swift in Sources */,
				94C90948239992A10030B30A /* SettingsCell.swift in Sources */,
				94C90940239561B20030B30A /* MenuBar.swift in Sources */,
				94C909042390583E0030B30A /* AppDelegate.swift in Sources */,
				94C909382391BAAB0030B30A /* VideoCellCollectionViewCell.swift in Sources */,
				94C909422395B05B0030B30A /* Video.swift in Sources */,
				94C909062390583E0030B30A /* SceneDelegate.swift in Sources */,
			);
			runOnlyForDeploymentPostprocessing = 0;
		};
/* End PBXSourcesBuildPhase section */

/* Begin PBXVariantGroup section */
		94C909092390583E0030B30A /* Main.storyboard */ = {
			isa = PBXVariantGroup;
			children = (
				94C9090A2390583E0030B30A /* Base */,
			);
			name = Main.storyboard;
			sourceTree = "<group>";
		};
		94C9090E239058400030B30A /* LaunchScreen.storyboard */ = {
			isa = PBXVariantGroup;
			children = (
				94C9090F239058400030B30A /* Base */,
			);
			name = LaunchScreen.storyboard;
			sourceTree = "<group>";
		};
/* End PBXVariantGroup section */

/* Begin XCBuildConfiguration section */
		94C90912239058400030B30A /* Debug */ = {
			isa = XCBuildConfiguration;
			buildSettings = {
				ALWAYS_SEARCH_USER_PATHS = NO;
				CLANG_ANALYZER_NONNULL = YES;
				CLANG_ANALYZER_NUMBER_OBJECT_CONVERSION = YES_AGGRESSIVE;
				CLANG_CXX_LANGUAGE_STANDARD = "gnu++14";
				CLANG_CXX_LIBRARY = "libc++";
				CLANG_ENABLE_MODULES = YES;
				CLANG_ENABLE_OBJC_ARC = YES;
				CLANG_ENABLE_OBJC_WEAK = YES;
				CLANG_WARN_BLOCK_CAPTURE_AUTORELEASING = YES;
				CLANG_WARN_BOOL_CONVERSION = YES;
				CLANG_WARN_COMMA = YES;
				CLANG_WARN_CONSTANT_CONVERSION = YES;
				CLANG_WARN_DEPRECATED_OBJC_IMPLEMENTATIONS = YES;
				CLANG_WARN_DIRECT_OBJC_ISA_USAGE = YES_ERROR;
				CLANG_WARN_DOCUMENTATION_COMMENTS = YES;
				CLANG_WARN_EMPTY_BODY = YES;
				CLANG_WARN_ENUM_CONVERSION = YES;
				CLANG_WARN_INFINITE_RECURSION = YES;
				CLANG_WARN_INT_CONVERSION = YES;
				CLANG_WARN_NON_LITERAL_NULL_CONVERSION = YES;
				CLANG_WARN_OBJC_IMPLICIT_RETAIN_SELF = YES;
				CLANG_WARN_OBJC_LITERAL_CONVERSION = YES;
				CLANG_WARN_OBJC_ROOT_CLASS = YES_ERROR;
				CLANG_WARN_RANGE_LOOP_ANALYSIS = YES;
				CLANG_WARN_STRICT_PROTOTYPES = YES;
				CLANG_WARN_SUSPICIOUS_MOVE = YES;
				CLANG_WARN_UNGUARDED_AVAILABILITY = YES_AGGRESSIVE;
				CLANG_WARN_UNREACHABLE_CODE = YES;
				CLANG_WARN__DUPLICATE_METHOD_MATCH = YES;
				COPY_PHASE_STRIP = NO;
				DEBUG_INFORMATION_FORMAT = dwarf;
				ENABLE_STRICT_OBJC_MSGSEND = YES;
				ENABLE_TESTABILITY = YES;
				GCC_C_LANGUAGE_STANDARD = gnu11;
				GCC_DYNAMIC_NO_PIC = NO;
				GCC_NO_COMMON_BLOCKS = YES;
				GCC_OPTIMIZATION_LEVEL = 0;
				GCC_PREPROCESSOR_DEFINITIONS = (
					"DEBUG=1",
					"$(inherited)",
				);
				GCC_WARN_64_TO_32_BIT_CONVERSION = YES;
				GCC_WARN_ABOUT_RETURN_TYPE = YES_ERROR;
				GCC_WARN_UNDECLARED_SELECTOR = YES;
				GCC_WARN_UNINITIALIZED_AUTOS = YES_AGGRESSIVE;
				GCC_WARN_UNUSED_FUNCTION = YES;
				GCC_WARN_UNUSED_VARIABLE = YES;
				IPHONEOS_DEPLOYMENT_TARGET = 13.2;
				MTL_ENABLE_DEBUG_INFO = INCLUDE_SOURCE;
				MTL_FAST_MATH = YES;
				ONLY_ACTIVE_ARCH = YES;
				SDKROOT = iphoneos;
				SWIFT_ACTIVE_COMPILATION_CONDITIONS = DEBUG;
				SWIFT_OPTIMIZATION_LEVEL = "-Onone";
			};
			name = Debug;
		};
		94C90913239058400030B30A /* Release */ = {
			isa = XCBuildConfiguration;
			buildSettings = {
				ALWAYS_SEARCH_USER_PATHS = NO;
				CLANG_ANALYZER_NONNULL = YES;
				CLANG_ANALYZER_NUMBER_OBJECT_CONVERSION = YES_AGGRESSIVE;
				CLANG_CXX_LANGUAGE_STANDARD = "gnu++14";
				CLANG_CXX_LIBRARY = "libc++";
				CLANG_ENABLE_MODULES = YES;
				CLANG_ENABLE_OBJC_ARC = YES;
				CLANG_ENABLE_OBJC_WEAK = YES;
				CLANG_WARN_BLOCK_CAPTURE_AUTORELEASING = YES;
				CLANG_WARN_BOOL_CONVERSION = YES;
				CLANG_WARN_COMMA = YES;
				CLANG_WARN_CONSTANT_CONVERSION = YES;
				CLANG_WARN_DEPRECATED_OBJC_IMPLEMENTATIONS = YES;
				CLANG_WARN_DIRECT_OBJC_ISA_USAGE = YES_ERROR;
				CLANG_WARN_DOCUMENTATION_COMMENTS = YES;
				CLANG_WARN_EMPTY_BODY = YES;
				CLANG_WARN_ENUM_CONVERSION = YES;
				CLANG_WARN_INFINITE_RECURSION = YES;
				CLANG_WARN_INT_CONVERSION = YES;
				CLANG_WARN_NON_LITERAL_NULL_CONVERSION = YES;
				CLANG_WARN_OBJC_IMPLICIT_RETAIN_SELF = YES;
				CLANG_WARN_OBJC_LITERAL_CONVERSION = YES;
				CLANG_WARN_OBJC_ROOT_CLASS = YES_ERROR;
				CLANG_WARN_RANGE_LOOP_ANALYSIS = YES;
				CLANG_WARN_STRICT_PROTOTYPES = YES;
				CLANG_WARN_SUSPICIOUS_MOVE = YES;
				CLANG_WARN_UNGUARDED_AVAILABILITY = YES_AGGRESSIVE;
				CLANG_WARN_UNREACHABLE_CODE = YES;
				CLANG_WARN__DUPLICATE_METHOD_MATCH = YES;
				COPY_PHASE_STRIP = NO;
				DEBUG_INFORMATION_FORMAT = "dwarf-with-dsym";
				ENABLE_NS_ASSERTIONS = NO;
				ENABLE_STRICT_OBJC_MSGSEND = YES;
				GCC_C_LANGUAGE_STANDARD = gnu11;
				GCC_NO_COMMON_BLOCKS = YES;
				GCC_WARN_64_TO_32_BIT_CONVERSION = YES;
				GCC_WARN_ABOUT_RETURN_TYPE = YES_ERROR;
				GCC_WARN_UNDECLARED_SELECTOR = YES;
				GCC_WARN_UNINITIALIZED_AUTOS = YES_AGGRESSIVE;
				GCC_WARN_UNUSED_FUNCTION = YES;
				GCC_WARN_UNUSED_VARIABLE = YES;
				IPHONEOS_DEPLOYMENT_TARGET = 13.2;
				MTL_ENABLE_DEBUG_INFO = NO;
				MTL_FAST_MATH = YES;
				SDKROOT = iphoneos;
				SWIFT_COMPILATION_MODE = wholemodule;
				SWIFT_OPTIMIZATION_LEVEL = "-O";
				VALIDATE_PRODUCT = YES;
			};
			name = Release;
		};
		94C90915239058400030B30A /* Debug */ = {
			isa = XCBuildConfiguration;
			baseConfigurationReference = E21317CBEF04E283EB4C1D96 /* Pods-MyYoutubeClone.debug.xcconfig */;
			buildSettings = {
				ASSETCATALOG_COMPILER_APPICON_NAME = AppIcon;
				CODE_SIGN_STYLE = Automatic;
				DEVELOPMENT_TEAM = N6UAGD6F2D;
				INFOPLIST_FILE = MyYoutubeClone/Info.plist;
				LD_RUNPATH_SEARCH_PATHS = (
					"$(inherited)",
					"@executable_path/Frameworks",
				);
				PRODUCT_BUNDLE_IDENTIFIER = "com.antonio-duush-CO.MyYoutubeClone";
				PRODUCT_NAME = "$(TARGET_NAME)";
				SWIFT_VERSION = 5.0;
				TARGETED_DEVICE_FAMILY = "1,2";
			};
			name = Debug;
		};
		94C90916239058400030B30A /* Release */ = {
			isa = XCBuildConfiguration;
			baseConfigurationReference = 419360A6739E9267F535C9DA /* Pods-MyYoutubeClone.release.xcconfig */;
			buildSettings = {
				ASSETCATALOG_COMPILER_APPICON_NAME = AppIcon;
				CODE_SIGN_STYLE = Automatic;
				DEVELOPMENT_TEAM = N6UAGD6F2D;
				INFOPLIST_FILE = MyYoutubeClone/Info.plist;
				LD_RUNPATH_SEARCH_PATHS = (
					"$(inherited)",
					"@executable_path/Frameworks",
				);
				PRODUCT_BUNDLE_IDENTIFIER = "com.antonio-duush-CO.MyYoutubeClone";
				PRODUCT_NAME = "$(TARGET_NAME)";
				SWIFT_VERSION = 5.0;
				TARGETED_DEVICE_FAMILY = "1,2";
			};
			name = Release;
		};
/* End XCBuildConfiguration section */

/* Begin XCConfigurationList section */
		94C908FB2390583E0030B30A /* Build configuration list for PBXProject "MyYoutubeClone" */ = {
			isa = XCConfigurationList;
			buildConfigurations = (
				94C90912239058400030B30A /* Debug */,
				94C90913239058400030B30A /* Release */,
			);
			defaultConfigurationIsVisible = 0;
			defaultConfigurationName = Release;
		};
		94C90914239058400030B30A /* Build configuration list for PBXNativeTarget "MyYoutubeClone" */ = {
			isa = XCConfigurationList;
			buildConfigurations = (
				94C90915239058400030B30A /* Debug */,
				94C90916239058400030B30A /* Release */,
			);
			defaultConfigurationIsVisible = 0;
			defaultConfigurationName = Release;
		};
/* End XCConfigurationList section */
	};
	rootObject = 94C908F82390583E0030B30A /* Project object */;
}
